// !$*UTF8*$!
{
	archiveVersion = 1;
	classes = {
	};
	objectVersion = 46;
	objects = {

/* Begin PBXBuildFile section */
		309B09B71E90572D009E4C5F /* GCDBlackBox.swift in Sources */ = {isa = PBXBuildFile; fileRef = 309B09B61E90572D009E4C5F /* GCDBlackBox.swift */; };
		A73CF7BE1E7A1E3A00741F82 /* AppDelegate.swift in Sources */ = {isa = PBXBuildFile; fileRef = A73CF7BD1E7A1E3A00741F82 /* AppDelegate.swift */; };
		A73CF7C31E7A1E3B00741F82 /* Main.storyboard in Resources */ = {isa = PBXBuildFile; fileRef = A73CF7C11E7A1E3B00741F82 /* Main.storyboard */; };
		A73CF7C51E7A1E3B00741F82 /* Assets.xcassets in Resources */ = {isa = PBXBuildFile; fileRef = A73CF7C41E7A1E3B00741F82 /* Assets.xcassets */; };
		A73CF7C81E7A1E3B00741F82 /* LaunchScreen.storyboard in Resources */ = {isa = PBXBuildFile; fileRef = A73CF7C61E7A1E3B00741F82 /* LaunchScreen.storyboard */; };
		A73CF7D31E7A1E3D00741F82 /* CPCCS_AppTests.swift in Sources */ = {isa = PBXBuildFile; fileRef = A73CF7D21E7A1E3D00741F82 /* CPCCS_AppTests.swift */; };
		A7C499531EA9BF790006E6E9 /* DataHolder.swift in Sources */ = {isa = PBXBuildFile; fileRef = A7C4994D1EA9BF790006E6E9 /* DataHolder.swift */; };
		A7C499551EA9BF790006E6E9 /* InstitucionPickerViewController.swift in Sources */ = {isa = PBXBuildFile; fileRef = A7C4994F1EA9BF790006E6E9 /* InstitucionPickerViewController.swift */; };
		A7C499561EA9BF790006E6E9 /* MenuPrincipal.swift in Sources */ = {isa = PBXBuildFile; fileRef = A7C499501EA9BF790006E6E9 /* MenuPrincipal.swift */; };
		A7C4995C1EA9BFA10006E6E9 /* Denuncias2Controller.swift in Sources */ = {isa = PBXBuildFile; fileRef = A7C499581EA9BFA00006E6E9 /* Denuncias2Controller.swift */; };
		A7C4995D1EA9BFA10006E6E9 /* Denuncias3Controller.swift in Sources */ = {isa = PBXBuildFile; fileRef = A7C499591EA9BFA00006E6E9 /* Denuncias3Controller.swift */; };
		A7C4995E1EA9BFA10006E6E9 /* Denuncias4Controller.swift in Sources */ = {isa = PBXBuildFile; fileRef = A7C4995A1EA9BFA00006E6E9 /* Denuncias4Controller.swift */; };
		A7C4995F1EA9BFA10006E6E9 /* DenunciasController.swift in Sources */ = {isa = PBXBuildFile; fileRef = A7C4995B1EA9BFA10006E6E9 /* DenunciasController.swift */; };
		A7C499641EA9BFC50006E6E9 /* Pedidos2Controller.swift in Sources */ = {isa = PBXBuildFile; fileRef = A7C499601EA9BFC50006E6E9 /* Pedidos2Controller.swift */; };
		A7C499651EA9BFC50006E6E9 /* Pedidos3Controller.swift in Sources */ = {isa = PBXBuildFile; fileRef = A7C499611EA9BFC50006E6E9 /* Pedidos3Controller.swift */; };
		A7C499661EA9BFC50006E6E9 /* Pedidos4Controller.swift in Sources */ = {isa = PBXBuildFile; fileRef = A7C499621EA9BFC50006E6E9 /* Pedidos4Controller.swift */; };
		A7C499671EA9BFC50006E6E9 /* PedidosController.swift in Sources */ = {isa = PBXBuildFile; fileRef = A7C499631EA9BFC50006E6E9 /* PedidosController.swift */; };
		A7C4996A1EA9BFD90006E6E9 /* ChosenFAQViewController.swift in Sources */ = {isa = PBXBuildFile; fileRef = A7C499681EA9BFD90006E6E9 /* ChosenFAQViewController.swift */; };
		A7C4996B1EA9BFD90006E6E9 /* FAQController.swift in Sources */ = {isa = PBXBuildFile; fileRef = A7C499691EA9BFD90006E6E9 /* FAQController.swift */; };
		A7C499841EA9C0CC0006E6E9 /* back_button.png in Resources */ = {isa = PBXBuildFile; fileRef = A7C4996C1EA9C0CC0006E6E9 /* back_button.png */; };
		A7C499851EA9C0CC0006E6E9 /* Bar.png in Resources */ = {isa = PBXBuildFile; fileRef = A7C4996D1EA9C0CC0006E6E9 /* Bar.png */; };
		A7C499861EA9C0CC0006E6E9 /* btn.png in Resources */ = {isa = PBXBuildFile; fileRef = A7C4996E1EA9C0CC0006E6E9 /* btn.png */; };
		A7C499871EA9C0CC0006E6E9 /* cabecera.jpg in Resources */ = {isa = PBXBuildFile; fileRef = A7C4996F1EA9C0CC0006E6E9 /* cabecera.jpg */; };
		A7C499881EA9C0CC0006E6E9 /* Captura de pantalla 2017-03-20 a las 2.33.44 p.m_.png in Resources */ = {isa = PBXBuildFile; fileRef = A7C499701EA9C0CC0006E6E9 /* Captura de pantalla 2017-03-20 a las 2.33.44 p.m_.png */; };
		A7C499891EA9C0CC0006E6E9 /* ContactosIcon.png in Resources */ = {isa = PBXBuildFile; fileRef = A7C499711EA9C0CC0006E6E9 /* ContactosIcon.png */; };
		A7C4998A1EA9C0CC0006E6E9 /* denuncias.png in Resources */ = {isa = PBXBuildFile; fileRef = A7C499721EA9C0CC0006E6E9 /* denuncias.png */; };
		A7C4998B1EA9C0CC0006E6E9 /* estilocolores.png in Resources */ = {isa = PBXBuildFile; fileRef = A7C499731EA9C0CC0006E6E9 /* estilocolores.png */; };
		A7C4998C1EA9C0CC0006E6E9 /* fondo.png in Resources */ = {isa = PBXBuildFile; fileRef = A7C499741EA9C0CC0006E6E9 /* fondo.png */; };
		A7C4998D1EA9C0CC0006E6E9 /* footer.jpg in Resources */ = {isa = PBXBuildFile; fileRef = A7C499751EA9C0CC0006E6E9 /* footer.jpg */; };
		A7C4998E1EA9C0CC0006E6E9 /* hamburger.png in Resources */ = {isa = PBXBuildFile; fileRef = A7C499761EA9C0CC0006E6E9 /* hamburger.png */; };
		A7C4998F1EA9C0CC0006E6E9 /* iconosweb.psd in Resources */ = {isa = PBXBuildFile; fileRef = A7C499771EA9C0CC0006E6E9 /* iconosweb.psd */; };
		A7C499901EA9C0CC0006E6E9 /* logo.png in Resources */ = {isa = PBXBuildFile; fileRef = A7C499781EA9C0CC0006E6E9 /* logo.png */; };
		A7C499911EA9C0CC0006E6E9 /* main.png in Resources */ = {isa = PBXBuildFile; fileRef = A7C499791EA9C0CC0006E6E9 /* main.png */; };
		A7C499921EA9C0CC0006E6E9 /* mec-controlsocial.png in Resources */ = {isa = PBXBuildFile; fileRef = A7C4997A1EA9C0CC0006E6E9 /* mec-controlsocial.png */; };
		A7C499931EA9C0CC0006E6E9 /* mec-participacion.png in Resources */ = {isa = PBXBuildFile; fileRef = A7C4997B1EA9C0CC0006E6E9 /* mec-participacion.png */; };
		A7C499941EA9C0CC0006E6E9 /* MISIÓN.jpg in Resources */ = {isa = PBXBuildFile; fileRef = A7C4997C1EA9C0CC0006E6E9 /* MISIÓN.jpg */; };
		A7C499951EA9C0CC0006E6E9 /* Misionicon.png in Resources */ = {isa = PBXBuildFile; fileRef = A7C4997D1EA9C0CC0006E6E9 /* Misionicon.png */; };
		A7C499961EA9C0CC0006E6E9 /* noticias.png in Resources */ = {isa = PBXBuildFile; fileRef = A7C4997E1EA9C0CC0006E6E9 /* noticias.png */; };
		A7C499971EA9C0CC0006E6E9 /* pedidos.png in Resources */ = {isa = PBXBuildFile; fileRef = A7C4997F1EA9C0CC0006E6E9 /* pedidos.png */; };
		A7C499981EA9C0CC0006E6E9 /* preguntasfrecuentes.png in Resources */ = {isa = PBXBuildFile; fileRef = A7C499801EA9C0CC0006E6E9 /* preguntasfrecuentes.png */; };
		A7C499991EA9C0CC0006E6E9 /* sidebar_.png in Resources */ = {isa = PBXBuildFile; fileRef = A7C499811EA9C0CC0006E6E9 /* sidebar_.png */; };
		A7C4999A1EA9C0CC0006E6E9 /* VISIÓN.jpg in Resources */ = {isa = PBXBuildFile; fileRef = A7C499821EA9C0CC0006E6E9 /* VISIÓN.jpg */; };
		A7C4999B1EA9C0CC0006E6E9 /* Visionicon.png in Resources */ = {isa = PBXBuildFile; fileRef = A7C499831EA9C0CC0006E6E9 /* Visionicon.png */; };
		A7C4999D1EA9E2430006E6E9 /* NoticiasViewController.swift in Sources */ = {isa = PBXBuildFile; fileRef = A7C4999C1EA9E2430006E6E9 /* NoticiasViewController.swift */; };
/* End PBXBuildFile section */

/* Begin PBXContainerItemProxy section */
		A73CF7CF1E7A1E3C00741F82 /* PBXContainerItemProxy */ = {
			isa = PBXContainerItemProxy;
			containerPortal = A73CF7B21E7A1E3900741F82 /* Project object */;
			proxyType = 1;
			remoteGlobalIDString = A73CF7B91E7A1E3900741F82;
			remoteInfo = "CPCCS App";
		};
/* End PBXContainerItemProxy section */

/* Begin PBXFileReference section */
		309B09B61E90572D009E4C5F /* GCDBlackBox.swift */ = {isa = PBXFileReference; fileEncoding = 4; lastKnownFileType = sourcecode.swift; path = GCDBlackBox.swift; sourceTree = "<group>"; };
		A73CF7BA1E7A1E3A00741F82 /* CPCCS App.app */ = {isa = PBXFileReference; explicitFileType = wrapper.application; includeInIndex = 0; path = "CPCCS App.app"; sourceTree = BUILT_PRODUCTS_DIR; };
		A73CF7BD1E7A1E3A00741F82 /* AppDelegate.swift */ = {isa = PBXFileReference; lastKnownFileType = sourcecode.swift; path = AppDelegate.swift; sourceTree = "<group>"; };
		A73CF7C21E7A1E3B00741F82 /* Base */ = {isa = PBXFileReference; lastKnownFileType = file.storyboard; name = Base; path = Base.lproj/Main.storyboard; sourceTree = "<group>"; };
		A73CF7C41E7A1E3B00741F82 /* Assets.xcassets */ = {isa = PBXFileReference; lastKnownFileType = folder.assetcatalog; path = Assets.xcassets; sourceTree = "<group>"; };
		A73CF7C71E7A1E3B00741F82 /* Base */ = {isa = PBXFileReference; lastKnownFileType = file.storyboard; name = Base; path = Base.lproj/LaunchScreen.storyboard; sourceTree = "<group>"; };
		A73CF7C91E7A1E3B00741F82 /* Info.plist */ = {isa = PBXFileReference; lastKnownFileType = text.plist.xml; path = Info.plist; sourceTree = "<group>"; };
		A73CF7CE1E7A1E3C00741F82 /* CPCCS AppTests.xctest */ = {isa = PBXFileReference; explicitFileType = wrapper.cfbundle; includeInIndex = 0; path = "CPCCS AppTests.xctest"; sourceTree = BUILT_PRODUCTS_DIR; };
		A73CF7D21E7A1E3D00741F82 /* CPCCS_AppTests.swift */ = {isa = PBXFileReference; lastKnownFileType = sourcecode.swift; path = CPCCS_AppTests.swift; sourceTree = "<group>"; };
		A73CF7D41E7A1E3D00741F82 /* Info.plist */ = {isa = PBXFileReference; lastKnownFileType = text.plist.xml; path = Info.plist; sourceTree = "<group>"; };
		A7C4994D1EA9BF790006E6E9 /* DataHolder.swift */ = {isa = PBXFileReference; lastKnownFileType = sourcecode.swift; name = DataHolder.swift; path = "Controladores Generales/DataHolder.swift"; sourceTree = "<group>"; };
		A7C4994F1EA9BF790006E6E9 /* InstitucionPickerViewController.swift */ = {isa = PBXFileReference; lastKnownFileType = sourcecode.swift; name = InstitucionPickerViewController.swift; path = "Controladores Generales/InstitucionPickerViewController.swift"; sourceTree = "<group>"; };
		A7C499501EA9BF790006E6E9 /* MenuPrincipal.swift */ = {isa = PBXFileReference; lastKnownFileType = sourcecode.swift; name = MenuPrincipal.swift; path = "Controladores Generales/MenuPrincipal.swift"; sourceTree = "<group>"; };
		A7C499581EA9BFA00006E6E9 /* Denuncias2Controller.swift */ = {isa = PBXFileReference; lastKnownFileType = sourcecode.swift; name = Denuncias2Controller.swift; path = Denuncias/Denuncias2Controller.swift; sourceTree = "<group>"; };
		A7C499591EA9BFA00006E6E9 /* Denuncias3Controller.swift */ = {isa = PBXFileReference; lastKnownFileType = sourcecode.swift; name = Denuncias3Controller.swift; path = Denuncias/Denuncias3Controller.swift; sourceTree = "<group>"; };
		A7C4995A1EA9BFA00006E6E9 /* Denuncias4Controller.swift */ = {isa = PBXFileReference; lastKnownFileType = sourcecode.swift; name = Denuncias4Controller.swift; path = Denuncias/Denuncias4Controller.swift; sourceTree = "<group>"; };
		A7C4995B1EA9BFA10006E6E9 /* DenunciasController.swift */ = {isa = PBXFileReference; lastKnownFileType = sourcecode.swift; name = DenunciasController.swift; path = Denuncias/DenunciasController.swift; sourceTree = "<group>"; };
		A7C499601EA9BFC50006E6E9 /* Pedidos2Controller.swift */ = {isa = PBXFileReference; lastKnownFileType = sourcecode.swift; name = Pedidos2Controller.swift; path = Pedidos/Pedidos2Controller.swift; sourceTree = "<group>"; };
		A7C499611EA9BFC50006E6E9 /* Pedidos3Controller.swift */ = {isa = PBXFileReference; lastKnownFileType = sourcecode.swift; name = Pedidos3Controller.swift; path = Pedidos/Pedidos3Controller.swift; sourceTree = "<group>"; };
		A7C499621EA9BFC50006E6E9 /* Pedidos4Controller.swift */ = {isa = PBXFileReference; lastKnownFileType = sourcecode.swift; name = Pedidos4Controller.swift; path = Pedidos/Pedidos4Controller.swift; sourceTree = "<group>"; };
		A7C499631EA9BFC50006E6E9 /* PedidosController.swift */ = {isa = PBXFileReference; lastKnownFileType = sourcecode.swift; name = PedidosController.swift; path = Pedidos/PedidosController.swift; sourceTree = "<group>"; };
		A7C499681EA9BFD90006E6E9 /* ChosenFAQViewController.swift */ = {isa = PBXFileReference; lastKnownFileType = sourcecode.swift; name = ChosenFAQViewController.swift; path = "Preguntas Frecuentes/ChosenFAQViewController.swift"; sourceTree = "<group>"; };
		A7C499691EA9BFD90006E6E9 /* FAQController.swift */ = {isa = PBXFileReference; lastKnownFileType = sourcecode.swift; name = FAQController.swift; path = "Preguntas Frecuentes/FAQController.swift"; sourceTree = "<group>"; };
		A7C4996C1EA9C0CC0006E6E9 /* back_button.png */ = {isa = PBXFileReference; lastKnownFileType = image.png; name = back_button.png; path = "CPCCS App/Imágenes/back_button.png"; sourceTree = "<group>"; };
		A7C4996D1EA9C0CC0006E6E9 /* Bar.png */ = {isa = PBXFileReference; lastKnownFileType = image.png; name = Bar.png; path = "CPCCS App/Imágenes/Bar.png"; sourceTree = "<group>"; };
		A7C4996E1EA9C0CC0006E6E9 /* btn.png */ = {isa = PBXFileReference; lastKnownFileType = image.png; name = btn.png; path = "CPCCS App/Imágenes/btn.png"; sourceTree = "<group>"; };
		A7C4996F1EA9C0CC0006E6E9 /* cabecera.jpg */ = {isa = PBXFileReference; lastKnownFileType = image.jpeg; name = cabecera.jpg; path = "CPCCS App/Imágenes/cabecera.jpg"; sourceTree = "<group>"; };
		A7C499701EA9C0CC0006E6E9 /* Captura de pantalla 2017-03-20 a las 2.33.44 p.m_.png */ = {isa = PBXFileReference; lastKnownFileType = image.png; name = "Captura de pantalla 2017-03-20 a las 2.33.44 p.m_.png"; path = "CPCCS App/Imágenes/Captura de pantalla 2017-03-20 a las 2.33.44 p.m_.png"; sourceTree = "<group>"; };
		A7C499711EA9C0CC0006E6E9 /* ContactosIcon.png */ = {isa = PBXFileReference; lastKnownFileType = image.png; name = ContactosIcon.png; path = "CPCCS App/Imágenes/ContactosIcon.png"; sourceTree = "<group>"; };
		A7C499721EA9C0CC0006E6E9 /* denuncias.png */ = {isa = PBXFileReference; lastKnownFileType = image.png; name = denuncias.png; path = "CPCCS App/Imágenes/denuncias.png"; sourceTree = "<group>"; };
		A7C499731EA9C0CC0006E6E9 /* estilocolores.png */ = {isa = PBXFileReference; lastKnownFileType = image.png; name = estilocolores.png; path = "CPCCS App/Imágenes/estilocolores.png"; sourceTree = "<group>"; };
		A7C499741EA9C0CC0006E6E9 /* fondo.png */ = {isa = PBXFileReference; lastKnownFileType = image.png; name = fondo.png; path = "CPCCS App/Imágenes/fondo.png"; sourceTree = "<group>"; };
		A7C499751EA9C0CC0006E6E9 /* footer.jpg */ = {isa = PBXFileReference; lastKnownFileType = image.jpeg; name = footer.jpg; path = "CPCCS App/Imágenes/footer.jpg"; sourceTree = "<group>"; };
		A7C499761EA9C0CC0006E6E9 /* hamburger.png */ = {isa = PBXFileReference; lastKnownFileType = image.png; name = hamburger.png; path = "CPCCS App/Imágenes/hamburger.png"; sourceTree = "<group>"; };
		A7C499771EA9C0CC0006E6E9 /* iconosweb.psd */ = {isa = PBXFileReference; lastKnownFileType = file; name = iconosweb.psd; path = "CPCCS App/Imágenes/iconosweb.psd"; sourceTree = "<group>"; };
		A7C499781EA9C0CC0006E6E9 /* logo.png */ = {isa = PBXFileReference; lastKnownFileType = image.png; name = logo.png; path = "CPCCS App/Imágenes/logo.png"; sourceTree = "<group>"; };
		A7C499791EA9C0CC0006E6E9 /* main.png */ = {isa = PBXFileReference; lastKnownFileType = image.png; name = main.png; path = "CPCCS App/Imágenes/main.png"; sourceTree = "<group>"; };
		A7C4997A1EA9C0CC0006E6E9 /* mec-controlsocial.png */ = {isa = PBXFileReference; lastKnownFileType = image.png; name = "mec-controlsocial.png"; path = "CPCCS App/Imágenes/mec-controlsocial.png"; sourceTree = "<group>"; };
		A7C4997B1EA9C0CC0006E6E9 /* mec-participacion.png */ = {isa = PBXFileReference; lastKnownFileType = image.png; name = "mec-participacion.png"; path = "CPCCS App/Imágenes/mec-participacion.png"; sourceTree = "<group>"; };
		A7C4997C1EA9C0CC0006E6E9 /* MISIÓN.jpg */ = {isa = PBXFileReference; lastKnownFileType = image.jpeg; name = "MISIÓN.jpg"; path = "CPCCS App/Imágenes/MISIÓN.jpg"; sourceTree = "<group>"; };
		A7C4997D1EA9C0CC0006E6E9 /* Misionicon.png */ = {isa = PBXFileReference; lastKnownFileType = image.png; name = Misionicon.png; path = "CPCCS App/Imágenes/Misionicon.png"; sourceTree = "<group>"; };
		A7C4997E1EA9C0CC0006E6E9 /* noticias.png */ = {isa = PBXFileReference; lastKnownFileType = image.png; name = noticias.png; path = "CPCCS App/Imágenes/noticias.png"; sourceTree = "<group>"; };
		A7C4997F1EA9C0CC0006E6E9 /* pedidos.png */ = {isa = PBXFileReference; lastKnownFileType = image.png; name = pedidos.png; path = "CPCCS App/Imágenes/pedidos.png"; sourceTree = "<group>"; };
		A7C499801EA9C0CC0006E6E9 /* preguntasfrecuentes.png */ = {isa = PBXFileReference; lastKnownFileType = image.png; name = preguntasfrecuentes.png; path = "CPCCS App/Imágenes/preguntasfrecuentes.png"; sourceTree = "<group>"; };
		A7C499811EA9C0CC0006E6E9 /* sidebar_.png */ = {isa = PBXFileReference; lastKnownFileType = image.png; name = sidebar_.png; path = "CPCCS App/Imágenes/sidebar_.png"; sourceTree = "<group>"; };
		A7C499821EA9C0CC0006E6E9 /* VISIÓN.jpg */ = {isa = PBXFileReference; lastKnownFileType = image.jpeg; name = "VISIÓN.jpg"; path = "CPCCS App/Imágenes/VISIÓN.jpg"; sourceTree = "<group>"; };
		A7C499831EA9C0CC0006E6E9 /* Visionicon.png */ = {isa = PBXFileReference; lastKnownFileType = image.png; name = Visionicon.png; path = "CPCCS App/Imágenes/Visionicon.png"; sourceTree = "<group>"; };
		A7C4999C1EA9E2430006E6E9 /* NoticiasViewController.swift */ = {isa = PBXFileReference; fileEncoding = 4; lastKnownFileType = sourcecode.swift; name = NoticiasViewController.swift; path = Noticias/NoticiasViewController.swift; sourceTree = "<group>"; };
/* End PBXFileReference section */

/* Begin PBXFrameworksBuildPhase section */
		A73CF7B71E7A1E3900741F82 /* Frameworks */ = {
			isa = PBXFrameworksBuildPhase;
			buildActionMask = 2147483647;
			files = (
			);
			runOnlyForDeploymentPostprocessing = 0;
		};
		A73CF7CB1E7A1E3C00741F82 /* Frameworks */ = {
			isa = PBXFrameworksBuildPhase;
			buildActionMask = 2147483647;
			files = (
			);
			runOnlyForDeploymentPostprocessing = 0;
		};
/* End PBXFrameworksBuildPhase section */

/* Begin PBXGroup section */
		A73CF7B11E7A1E3900741F82 = {
			isa = PBXGroup;
			children = (
				A7C4996C1EA9C0CC0006E6E9 /* back_button.png */,
				A7C4996D1EA9C0CC0006E6E9 /* Bar.png */,
				A7C4996E1EA9C0CC0006E6E9 /* btn.png */,
				A7C4996F1EA9C0CC0006E6E9 /* cabecera.jpg */,
				A7C499701EA9C0CC0006E6E9 /* Captura de pantalla 2017-03-20 a las 2.33.44 p.m_.png */,
				A7C499711EA9C0CC0006E6E9 /* ContactosIcon.png */,
				A7C499721EA9C0CC0006E6E9 /* denuncias.png */,
				A7C499731EA9C0CC0006E6E9 /* estilocolores.png */,
				A7C499741EA9C0CC0006E6E9 /* fondo.png */,
				A7C499751EA9C0CC0006E6E9 /* footer.jpg */,
				A7C499761EA9C0CC0006E6E9 /* hamburger.png */,
				A7C499771EA9C0CC0006E6E9 /* iconosweb.psd */,
				A7C499781EA9C0CC0006E6E9 /* logo.png */,
				A7C499791EA9C0CC0006E6E9 /* main.png */,
				A7C4997A1EA9C0CC0006E6E9 /* mec-controlsocial.png */,
				A7C4997B1EA9C0CC0006E6E9 /* mec-participacion.png */,
				A7C4997C1EA9C0CC0006E6E9 /* MISIÓN.jpg */,
				A7C4997D1EA9C0CC0006E6E9 /* Misionicon.png */,
				A7C4997E1EA9C0CC0006E6E9 /* noticias.png */,
				A7C4997F1EA9C0CC0006E6E9 /* pedidos.png */,
				A7C499801EA9C0CC0006E6E9 /* preguntasfrecuentes.png */,
				A7C499811EA9C0CC0006E6E9 /* sidebar_.png */,
				A7C499821EA9C0CC0006E6E9 /* VISIÓN.jpg */,
				A7C499831EA9C0CC0006E6E9 /* Visionicon.png */,
				A73CF7BC1E7A1E3A00741F82 /* CPCCS App */,
				A73CF7D11E7A1E3C00741F82 /* CPCCS AppTests */,
				A73CF7BB1E7A1E3A00741F82 /* Products */,
			);
			sourceTree = "<group>";
		};
		A73CF7BB1E7A1E3A00741F82 /* Products */ = {
			isa = PBXGroup;
			children = (
				A73CF7BA1E7A1E3A00741F82 /* CPCCS App.app */,
				A73CF7CE1E7A1E3C00741F82 /* CPCCS AppTests.xctest */,
			);
			name = Products;
			sourceTree = "<group>";
		};
		A73CF7BC1E7A1E3A00741F82 /* CPCCS App */ = {
			isa = PBXGroup;
			children = (
				A7C499681EA9BFD90006E6E9 /* ChosenFAQViewController.swift */,
				A7C499691EA9BFD90006E6E9 /* FAQController.swift */,
				A7C499601EA9BFC50006E6E9 /* Pedidos2Controller.swift */,
				A7C499611EA9BFC50006E6E9 /* Pedidos3Controller.swift */,
				A7C499621EA9BFC50006E6E9 /* Pedidos4Controller.swift */,
				A7C499631EA9BFC50006E6E9 /* PedidosController.swift */,
				A7C499581EA9BFA00006E6E9 /* Denuncias2Controller.swift */,
				A7C499591EA9BFA00006E6E9 /* Denuncias3Controller.swift */,
				A7C4995A1EA9BFA00006E6E9 /* Denuncias4Controller.swift */,
				A7C4995B1EA9BFA10006E6E9 /* DenunciasController.swift */,
				A7C4994D1EA9BF790006E6E9 /* DataHolder.swift */,
				A7C4994F1EA9BF790006E6E9 /* InstitucionPickerViewController.swift */,
				A7C499501EA9BF790006E6E9 /* MenuPrincipal.swift */,
				A73CF7BD1E7A1E3A00741F82 /* AppDelegate.swift */,
				309B09B61E90572D009E4C5F /* GCDBlackBox.swift */,
				A73CF7C11E7A1E3B00741F82 /* Main.storyboard */,
				A73CF7C41E7A1E3B00741F82 /* Assets.xcassets */,
				A73CF7C61E7A1E3B00741F82 /* LaunchScreen.storyboard */,
				A73CF7C91E7A1E3B00741F82 /* Info.plist */,
				A7C4999C1EA9E2430006E6E9 /* NoticiasViewController.swift */,
			);
			path = "CPCCS App";
			sourceTree = "<group>";
		};
		A73CF7D11E7A1E3C00741F82 /* CPCCS AppTests */ = {
			isa = PBXGroup;
			children = (
				A73CF7D21E7A1E3D00741F82 /* CPCCS_AppTests.swift */,
				A73CF7D41E7A1E3D00741F82 /* Info.plist */,
			);
			path = "CPCCS AppTests";
			sourceTree = "<group>";
		};
/* End PBXGroup section */

/* Begin PBXNativeTarget section */
		A73CF7B91E7A1E3900741F82 /* CPCCS App */ = {
			isa = PBXNativeTarget;
			buildConfigurationList = A73CF7D71E7A1E3D00741F82 /* Build configuration list for PBXNativeTarget "CPCCS App" */;
			buildPhases = (
				A73CF7B61E7A1E3900741F82 /* Sources */,
				A73CF7B71E7A1E3900741F82 /* Frameworks */,
				A73CF7B81E7A1E3900741F82 /* Resources */,
			);
			buildRules = (
			);
			dependencies = (
			);
			name = "CPCCS App";
			productName = "CPCCS App";
			productReference = A73CF7BA1E7A1E3A00741F82 /* CPCCS App.app */;
			productType = "com.apple.product-type.application";
		};
		A73CF7CD1E7A1E3C00741F82 /* CPCCS AppTests */ = {
			isa = PBXNativeTarget;
			buildConfigurationList = A73CF7DA1E7A1E3D00741F82 /* Build configuration list for PBXNativeTarget "CPCCS AppTests" */;
			buildPhases = (
				A73CF7CA1E7A1E3C00741F82 /* Sources */,
				A73CF7CB1E7A1E3C00741F82 /* Frameworks */,
				A73CF7CC1E7A1E3C00741F82 /* Resources */,
			);
			buildRules = (
			);
			dependencies = (
				A73CF7D01E7A1E3C00741F82 /* PBXTargetDependency */,
			);
			name = "CPCCS AppTests";
			productName = "CPCCS AppTests";
			productReference = A73CF7CE1E7A1E3C00741F82 /* CPCCS AppTests.xctest */;
			productType = "com.apple.product-type.bundle.unit-test";
		};
/* End PBXNativeTarget section */

/* Begin PBXProject section */
		A73CF7B21E7A1E3900741F82 /* Project object */ = {
			isa = PBXProject;
			attributes = {
				LastSwiftUpdateCheck = 0820;
				LastUpgradeCheck = 0820;
				ORGANIZATIONNAME = CPCCS;
				TargetAttributes = {
					A73CF7B91E7A1E3900741F82 = {
						CreatedOnToolsVersion = 8.2.1;
						DevelopmentTeam = 6JRDE3RPDV;
						ProvisioningStyle = Automatic;
					};
					A73CF7CD1E7A1E3C00741F82 = {
						CreatedOnToolsVersion = 8.2.1;
						ProvisioningStyle = Automatic;
						TestTargetID = A73CF7B91E7A1E3900741F82;
					};
				};
			};
			buildConfigurationList = A73CF7B51E7A1E3900741F82 /* Build configuration list for PBXProject "CPCCS App" */;
			compatibilityVersion = "Xcode 3.2";
			developmentRegion = English;
			hasScannedForEncodings = 0;
			knownRegions = (
				en,
				Base,
			);
			mainGroup = A73CF7B11E7A1E3900741F82;
			productRefGroup = A73CF7BB1E7A1E3A00741F82 /* Products */;
			projectDirPath = "";
			projectRoot = "";
			targets = (
				A73CF7B91E7A1E3900741F82 /* CPCCS App */,
				A73CF7CD1E7A1E3C00741F82 /* CPCCS AppTests */,
			);
		};
/* End PBXProject section */

/* Begin PBXResourcesBuildPhase section */
		A73CF7B81E7A1E3900741F82 /* Resources */ = {
			isa = PBXResourcesBuildPhase;
			buildActionMask = 2147483647;
			files = (
				A7C499841EA9C0CC0006E6E9 /* back_button.png in Resources */,
				A7C499851EA9C0CC0006E6E9 /* Bar.png in Resources */,
				A7C499861EA9C0CC0006E6E9 /* btn.png in Resources */,
				A7C499871EA9C0CC0006E6E9 /* cabecera.jpg in Resources */,
				A7C499881EA9C0CC0006E6E9 /* Captura de pantalla 2017-03-20 a las 2.33.44 p.m_.png in Resources */,
				A7C499891EA9C0CC0006E6E9 /* ContactosIcon.png in Resources */,
				A7C4998A1EA9C0CC0006E6E9 /* denuncias.png in Resources */,
				A7C4998B1EA9C0CC0006E6E9 /* estilocolores.png in Resources */,
				A7C4998C1EA9C0CC0006E6E9 /* fondo.png in Resources */,
				A7C4998D1EA9C0CC0006E6E9 /* footer.jpg in Resources */,
				A7C4998E1EA9C0CC0006E6E9 /* hamburger.png in Resources */,
				A7C4998F1EA9C0CC0006E6E9 /* iconosweb.psd in Resources */,
				A7C499901EA9C0CC0006E6E9 /* logo.png in Resources */,
				A7C499911EA9C0CC0006E6E9 /* main.png in Resources */,
				A7C499921EA9C0CC0006E6E9 /* mec-controlsocial.png in Resources */,
				A7C499931EA9C0CC0006E6E9 /* mec-participacion.png in Resources */,
				A7C499941EA9C0CC0006E6E9 /* MISIÓN.jpg in Resources */,
				A7C499951EA9C0CC0006E6E9 /* Misionicon.png in Resources */,
				A7C499961EA9C0CC0006E6E9 /* noticias.png in Resources */,
				A7C499971EA9C0CC0006E6E9 /* pedidos.png in Resources */,
				A7C499981EA9C0CC0006E6E9 /* preguntasfrecuentes.png in Resources */,
				A7C499991EA9C0CC0006E6E9 /* sidebar_.png in Resources */,
				A7C4999A1EA9C0CC0006E6E9 /* VISIÓN.jpg in Resources */,
				A7C4999B1EA9C0CC0006E6E9 /* Visionicon.png in Resources */,
				A73CF7C81E7A1E3B00741F82 /* LaunchScreen.storyboard in Resources */,
				A73CF7C51E7A1E3B00741F82 /* Assets.xcassets in Resources */,
				A73CF7C31E7A1E3B00741F82 /* Main.storyboard in Resources */,
			);
			runOnlyForDeploymentPostprocessing = 0;
		};
		A73CF7CC1E7A1E3C00741F82 /* Resources */ = {
			isa = PBXResourcesBuildPhase;
			buildActionMask = 2147483647;
			files = (
			);
			runOnlyForDeploymentPostprocessing = 0;
		};
/* End PBXResourcesBuildPhase section */

/* Begin PBXSourcesBuildPhase section */
		A73CF7B61E7A1E3900741F82 /* Sources */ = {
			isa = PBXSourcesBuildPhase;
			buildActionMask = 2147483647;
			files = (
				A7C4999D1EA9E2430006E6E9 /* NoticiasViewController.swift in Sources */,
				A7C4996A1EA9BFD90006E6E9 /* ChosenFAQViewController.swift in Sources */,
				A7C4996B1EA9BFD90006E6E9 /* FAQController.swift in Sources */,
				A7C499641EA9BFC50006E6E9 /* Pedidos2Controller.swift in Sources */,
				A7C499651EA9BFC50006E6E9 /* Pedidos3Controller.swift in Sources */,
				A7C499661EA9BFC50006E6E9 /* Pedidos4Controller.swift in Sources */,
				A7C499671EA9BFC50006E6E9 /* PedidosController.swift in Sources */,
				A7C4995C1EA9BFA10006E6E9 /* Denuncias2Controller.swift in Sources */,
				A7C4995D1EA9BFA10006E6E9 /* Denuncias3Controller.swift in Sources */,
				A7C4995E1EA9BFA10006E6E9 /* Denuncias4Controller.swift in Sources */,
				A7C4995F1EA9BFA10006E6E9 /* DenunciasController.swift in Sources */,
				A7C499531EA9BF790006E6E9 /* DataHolder.swift in Sources */,
				A7C499551EA9BF790006E6E9 /* InstitucionPickerViewController.swift in Sources */,
				A7C499561EA9BF790006E6E9 /* MenuPrincipal.swift in Sources */,
				A73CF7BE1E7A1E3A00741F82 /* AppDelegate.swift in Sources */,
				309B09B71E90572D009E4C5F /* GCDBlackBox.swift in Sources */,
			);
			runOnlyForDeploymentPostprocessing = 0;
		};
		A73CF7CA1E7A1E3C00741F82 /* Sources */ = {
			isa = PBXSourcesBuildPhase;
			buildActionMask = 2147483647;
			files = (
				A73CF7D31E7A1E3D00741F82 /* CPCCS_AppTests.swift in Sources */,
			);
			runOnlyForDeploymentPostprocessing = 0;
		};
/* End PBXSourcesBuildPhase section */

/* Begin PBXTargetDependency section */
		A73CF7D01E7A1E3C00741F82 /* PBXTargetDependency */ = {
			isa = PBXTargetDependency;
			target = A73CF7B91E7A1E3900741F82 /* CPCCS App */;
			targetProxy = A73CF7CF1E7A1E3C00741F82 /* PBXContainerItemProxy */;
		};
/* End PBXTargetDependency section */

/* Begin PBXVariantGroup section */
		A73CF7C11E7A1E3B00741F82 /* Main.storyboard */ = {
			isa = PBXVariantGroup;
			children = (
				A73CF7C21E7A1E3B00741F82 /* Base */,
			);
			name = Main.storyboard;
			sourceTree = "<group>";
		};
		A73CF7C61E7A1E3B00741F82 /* LaunchScreen.storyboard */ = {
			isa = PBXVariantGroup;
			children = (
				A73CF7C71E7A1E3B00741F82 /* Base */,
			);
			name = LaunchScreen.storyboard;
			sourceTree = "<group>";
		};
/* End PBXVariantGroup section */

/* Begin XCBuildConfiguration section */
		A73CF7D51E7A1E3D00741F82 /* Debug */ = {
			isa = XCBuildConfiguration;
			buildSettings = {
				ALWAYS_SEARCH_USER_PATHS = NO;
				CLANG_ANALYZER_NONNULL = YES;
				CLANG_CXX_LANGUAGE_STANDARD = "gnu++0x";
				CLANG_CXX_LIBRARY = "libc++";
				CLANG_ENABLE_MODULES = YES;
				CLANG_ENABLE_OBJC_ARC = YES;
				CLANG_WARN_BOOL_CONVERSION = YES;
				CLANG_WARN_CONSTANT_CONVERSION = YES;
				CLANG_WARN_DIRECT_OBJC_ISA_USAGE = YES_ERROR;
				CLANG_WARN_DOCUMENTATION_COMMENTS = YES;
				CLANG_WARN_EMPTY_BODY = YES;
				CLANG_WARN_ENUM_CONVERSION = YES;
				CLANG_WARN_INFINITE_RECURSION = YES;
				CLANG_WARN_INT_CONVERSION = YES;
				CLANG_WARN_OBJC_ROOT_CLASS = YES_ERROR;
				CLANG_WARN_SUSPICIOUS_MOVE = YES;
				CLANG_WARN_UNREACHABLE_CODE = YES;
				CLANG_WARN__DUPLICATE_METHOD_MATCH = YES;
				"CODE_SIGN_IDENTITY[sdk=iphoneos*]" = "iPhone Developer";
				COPY_PHASE_STRIP = NO;
				DEBUG_INFORMATION_FORMAT = dwarf;
				ENABLE_STRICT_OBJC_MSGSEND = YES;
				ENABLE_TESTABILITY = YES;
				GCC_C_LANGUAGE_STANDARD = gnu99;
				GCC_DYNAMIC_NO_PIC = NO;
				GCC_NO_COMMON_BLOCKS = YES;
				GCC_OPTIMIZATION_LEVEL = 0;
				GCC_PREPROCESSOR_DEFINITIONS = (
					"DEBUG=1",
					"$(inherited)",
				);
				GCC_WARN_64_TO_32_BIT_CONVERSION = YES;
				GCC_WARN_ABOUT_RETURN_TYPE = YES_ERROR;
				GCC_WARN_UNDECLARED_SELECTOR = YES;
				GCC_WARN_UNINITIALIZED_AUTOS = YES_AGGRESSIVE;
				GCC_WARN_UNUSED_FUNCTION = YES;
				GCC_WARN_UNUSED_VARIABLE = YES;
				IPHONEOS_DEPLOYMENT_TARGET = 10.2;
				MTL_ENABLE_DEBUG_INFO = YES;
				ONLY_ACTIVE_ARCH = YES;
				SDKROOT = iphoneos;
				SWIFT_ACTIVE_COMPILATION_CONDITIONS = DEBUG;
				SWIFT_OPTIMIZATION_LEVEL = "-Onone";
				TARGETED_DEVICE_FAMILY = "1,2";
			};
			name = Debug;
		};
		A73CF7D61E7A1E3D00741F82 /* Release */ = {
			isa = XCBuildConfiguration;
			buildSettings = {
				ALWAYS_SEARCH_USER_PATHS = NO;
				CLANG_ANALYZER_NONNULL = YES;
				CLANG_CXX_LANGUAGE_STANDARD = "gnu++0x";
				CLANG_CXX_LIBRARY = "libc++";
				CLANG_ENABLE_MODULES = YES;
				CLANG_ENABLE_OBJC_ARC = YES;
				CLANG_WARN_BOOL_CONVERSION = YES;
				CLANG_WARN_CONSTANT_CONVERSION = YES;
				CLANG_WARN_DIRECT_OBJC_ISA_USAGE = YES_ERROR;
				CLANG_WARN_DOCUMENTATION_COMMENTS = YES;
				CLANG_WARN_EMPTY_BODY = YES;
				CLANG_WARN_ENUM_CONVERSION = YES;
				CLANG_WARN_INFINITE_RECURSION = YES;
				CLANG_WARN_INT_CONVERSION = YES;
				CLANG_WARN_OBJC_ROOT_CLASS = YES_ERROR;
				CLANG_WARN_SUSPICIOUS_MOVE = YES;
				CLANG_WARN_UNREACHABLE_CODE = YES;
				CLANG_WARN__DUPLICATE_METHOD_MATCH = YES;
				"CODE_SIGN_IDENTITY[sdk=iphoneos*]" = "iPhone Developer";
				COPY_PHASE_STRIP = NO;
				DEBUG_INFORMATION_FORMAT = "dwarf-with-dsym";
				ENABLE_NS_ASSERTIONS = NO;
				ENABLE_STRICT_OBJC_MSGSEND = YES;
				GCC_C_LANGUAGE_STANDARD = gnu99;
				GCC_NO_COMMON_BLOCKS = YES;
				GCC_WARN_64_TO_32_BIT_CONVERSION = YES;
				GCC_WARN_ABOUT_RETURN_TYPE = YES_ERROR;
				GCC_WARN_UNDECLARED_SELECTOR = YES;
				GCC_WARN_UNINITIALIZED_AUTOS = YES_AGGRESSIVE;
				GCC_WARN_UNUSED_FUNCTION = YES;
				GCC_WARN_UNUSED_VARIABLE = YES;
				IPHONEOS_DEPLOYMENT_TARGET = 10.2;
				MTL_ENABLE_DEBUG_INFO = NO;
				SDKROOT = iphoneos;
				SWIFT_OPTIMIZATION_LEVEL = "-Owholemodule";
				TARGETED_DEVICE_FAMILY = "1,2";
				VALIDATE_PRODUCT = YES;
			};
			name = Release;
		};
		A73CF7D81E7A1E3D00741F82 /* Debug */ = {
			isa = XCBuildConfiguration;
			buildSettings = {
				ASSETCATALOG_COMPILER_APPICON_NAME = AppIcon;
				DEVELOPMENT_TEAM = 6JRDE3RPDV;
				INFOPLIST_FILE = "CPCCS App/Info.plist";
				IPHONEOS_DEPLOYMENT_TARGET = 10.2;
				LD_RUNPATH_SEARCH_PATHS = "$(inherited) @executable_path/Frameworks";
				PRODUCT_BUNDLE_IDENTIFIER = "com.example.CPCCS-App";
				PRODUCT_NAME = "$(TARGET_NAME)";
				SWIFT_VERSION = 3.0;
			};
			name = Debug;
		};
		A73CF7D91E7A1E3D00741F82 /* Release */ = {
			isa = XCBuildConfiguration;
			buildSettings = {
				ASSETCATALOG_COMPILER_APPICON_NAME = AppIcon;
				DEVELOPMENT_TEAM = 6JRDE3RPDV;
				INFOPLIST_FILE = "CPCCS App/Info.plist";
				IPHONEOS_DEPLOYMENT_TARGET = 10.2;
				LD_RUNPATH_SEARCH_PATHS = "$(inherited) @executable_path/Frameworks";
				PRODUCT_BUNDLE_IDENTIFIER = "com.example.CPCCS-App";
				PRODUCT_NAME = "$(TARGET_NAME)";
				SWIFT_VERSION = 3.0;
			};
			name = Release;
		};
		A73CF7DB1E7A1E3D00741F82 /* Debug */ = {
			isa = XCBuildConfiguration;
			buildSettings = {
				ALWAYS_EMBED_SWIFT_STANDARD_LIBRARIES = YES;
				BUNDLE_LOADER = "$(TEST_HOST)";
				INFOPLIST_FILE = "CPCCS AppTests/Info.plist";
				LD_RUNPATH_SEARCH_PATHS = "$(inherited) @executable_path/Frameworks @loader_path/Frameworks";
				PRODUCT_BUNDLE_IDENTIFIER = "com.example.CPCCS-AppTests";
				PRODUCT_NAME = "$(TARGET_NAME)";
				SWIFT_VERSION = 3.0;
				TEST_HOST = "$(BUILT_PRODUCTS_DIR)/CPCCS App.app/CPCCS App";
			};
			name = Debug;
		};
		A73CF7DC1E7A1E3D00741F82 /* Release */ = {
			isa = XCBuildConfiguration;
			buildSettings = {
				ALWAYS_EMBED_SWIFT_STANDARD_LIBRARIES = YES;
				BUNDLE_LOADER = "$(TEST_HOST)";
				INFOPLIST_FILE = "CPCCS AppTests/Info.plist";
				LD_RUNPATH_SEARCH_PATHS = "$(inherited) @executable_path/Frameworks @loader_path/Frameworks";
				PRODUCT_BUNDLE_IDENTIFIER = "com.example.CPCCS-AppTests";
				PRODUCT_NAME = "$(TARGET_NAME)";
				SWIFT_VERSION = 3.0;
				TEST_HOST = "$(BUILT_PRODUCTS_DIR)/CPCCS App.app/CPCCS App";
			};
			name = Release;
		};
/* End XCBuildConfiguration section */

/* Begin XCConfigurationList section */
		A73CF7B51E7A1E3900741F82 /* Build configuration list for PBXProject "CPCCS App" */ = {
			isa = XCConfigurationList;
			buildConfigurations = (
				A73CF7D51E7A1E3D00741F82 /* Debug */,
				A73CF7D61E7A1E3D00741F82 /* Release */,
			);
			defaultConfigurationIsVisible = 0;
			defaultConfigurationName = Release;
		};
		A73CF7D71E7A1E3D00741F82 /* Build configuration list for PBXNativeTarget "CPCCS App" */ = {
			isa = XCConfigurationList;
			buildConfigurations = (
				A73CF7D81E7A1E3D00741F82 /* Debug */,
				A73CF7D91E7A1E3D00741F82 /* Release */,
			);
			defaultConfigurationIsVisible = 0;
			defaultConfigurationName = Release;
		};
		A73CF7DA1E7A1E3D00741F82 /* Build configuration list for PBXNativeTarget "CPCCS AppTests" */ = {
			isa = XCConfigurationList;
			buildConfigurations = (
				A73CF7DB1E7A1E3D00741F82 /* Debug */,
				A73CF7DC1E7A1E3D00741F82 /* Release */,
			);
			defaultConfigurationIsVisible = 0;
			defaultConfigurationName = Release;
		};
/* End XCConfigurationList section */
	};
	rootObject = A73CF7B21E7A1E3900741F82 /* Project object */;
}
