// !$*UTF8*$!
{
	archiveVersion = 1;
	classes = {
	};
	objectVersion = 46;
	objects = {

/* Begin PBXBuildFile section */
		3004A4971EA108F00095FD32 /* PopoverViewController.swift in Sources */ = {isa = PBXBuildFile; fileRef = 3004A4961EA108F00095FD32 /* PopoverViewController.swift */; };
		3004A49B1EA187F00095FD32 /* Utilities.swift in Sources */ = {isa = PBXBuildFile; fileRef = 3004A49A1EA187F00095FD32 /* Utilities.swift */; };
		30355CF81E97171100E0DA33 /* InstitucionPickerViewController.swift in Sources */ = {isa = PBXBuildFile; fileRef = 30355CF71E97171100E0DA33 /* InstitucionPickerViewController.swift */; };
		30355CFC1E9AD91A00E0DA33 /* InstitucionPedidos3Controller.swift in Sources */ = {isa = PBXBuildFile; fileRef = 30355CFB1E9AD91A00E0DA33 /* InstitucionPedidos3Controller.swift */; };
		309B09B51E905710009E4C5F /* Constants.swift in Sources */ = {isa = PBXBuildFile; fileRef = 309B09B41E905710009E4C5F /* Constants.swift */; };
		309B09B71E90572D009E4C5F /* GCDBlackBox.swift in Sources */ = {isa = PBXBuildFile; fileRef = 309B09B61E90572D009E4C5F /* GCDBlackBox.swift */; };
		A72692081E90A3DD0024EB33 /* MISIÓN.jpg in Resources */ = {isa = PBXBuildFile; fileRef = A72692061E90A3DD0024EB33 /* MISIÓN.jpg */; };
		A72692091E90A3DD0024EB33 /* VISIÓN.jpg in Resources */ = {isa = PBXBuildFile; fileRef = A72692071E90A3DD0024EB33 /* VISIÓN.jpg */; };
		A735C93A1E8ACDFF006295D6 /* DenunciasController.swift in Sources */ = {isa = PBXBuildFile; fileRef = A735C9391E8ACDFF006295D6 /* DenunciasController.swift */; };
		A73CF7BE1E7A1E3A00741F82 /* AppDelegate.swift in Sources */ = {isa = PBXBuildFile; fileRef = A73CF7BD1E7A1E3A00741F82 /* AppDelegate.swift */; };
		A73CF7C01E7A1E3A00741F82 /* ViewController.swift in Sources */ = {isa = PBXBuildFile; fileRef = A73CF7BF1E7A1E3A00741F82 /* ViewController.swift */; };
		A73CF7C31E7A1E3B00741F82 /* Main.storyboard in Resources */ = {isa = PBXBuildFile; fileRef = A73CF7C11E7A1E3B00741F82 /* Main.storyboard */; };
		A73CF7C51E7A1E3B00741F82 /* Assets.xcassets in Resources */ = {isa = PBXBuildFile; fileRef = A73CF7C41E7A1E3B00741F82 /* Assets.xcassets */; };
		A73CF7C81E7A1E3B00741F82 /* LaunchScreen.storyboard in Resources */ = {isa = PBXBuildFile; fileRef = A73CF7C61E7A1E3B00741F82 /* LaunchScreen.storyboard */; };
		A73CF7D31E7A1E3D00741F82 /* CPCCS_AppTests.swift in Sources */ = {isa = PBXBuildFile; fileRef = A73CF7D21E7A1E3D00741F82 /* CPCCS_AppTests.swift */; };
		A74D2B1B1E89ED3B00871635 /* cabecera.jpg in Resources */ = {isa = PBXBuildFile; fileRef = A74D2B0F1E89ED3B00871635 /* cabecera.jpg */; };
		A74D2B1C1E89ED3B00871635 /* Captura de pantalla 2017-03-20 a las 2.33.44 p.m_.png in Resources */ = {isa = PBXBuildFile; fileRef = A74D2B101E89ED3B00871635 /* Captura de pantalla 2017-03-20 a las 2.33.44 p.m_.png */; };
		A74D2B1D1E89ED3B00871635 /* denuncias.png in Resources */ = {isa = PBXBuildFile; fileRef = A74D2B111E89ED3B00871635 /* denuncias.png */; };
		A74D2B1E1E89ED3B00871635 /* estilocolores.png in Resources */ = {isa = PBXBuildFile; fileRef = A74D2B121E89ED3B00871635 /* estilocolores.png */; };
		A74D2B1F1E89ED3B00871635 /* fondo.png in Resources */ = {isa = PBXBuildFile; fileRef = A74D2B131E89ED3B00871635 /* fondo.png */; };
		A74D2B201E89ED3B00871635 /* footer.jpg in Resources */ = {isa = PBXBuildFile; fileRef = A74D2B141E89ED3B00871635 /* footer.jpg */; };
		A74D2B211E89ED3B00871635 /* iconosweb.psd in Resources */ = {isa = PBXBuildFile; fileRef = A74D2B151E89ED3B00871635 /* iconosweb.psd */; };
		A74D2B221E89ED3B00871635 /* mec-controlsocial.png in Resources */ = {isa = PBXBuildFile; fileRef = A74D2B161E89ED3B00871635 /* mec-controlsocial.png */; };
		A74D2B231E89ED3B00871635 /* mec-participacion.png in Resources */ = {isa = PBXBuildFile; fileRef = A74D2B171E89ED3B00871635 /* mec-participacion.png */; };
		A74D2B241E89ED3B00871635 /* noticias.png in Resources */ = {isa = PBXBuildFile; fileRef = A74D2B181E89ED3B00871635 /* noticias.png */; };
		A74D2B251E89ED3B00871635 /* pedidos.png in Resources */ = {isa = PBXBuildFile; fileRef = A74D2B191E89ED3B00871635 /* pedidos.png */; };
		A74D2B261E89ED3B00871635 /* preguntasfrecuentes.png in Resources */ = {isa = PBXBuildFile; fileRef = A74D2B1A1E89ED3B00871635 /* preguntasfrecuentes.png */; };
		A74D2B2B1E8A0A1B00871635 /* back_button.png in Resources */ = {isa = PBXBuildFile; fileRef = A74D2B291E8A0A1B00871635 /* back_button.png */; };
		A74D2B2E1E8A0B0900871635 /* hamburger.png in Resources */ = {isa = PBXBuildFile; fileRef = A74D2B2D1E8A0B0900871635 /* hamburger.png */; };
		A79C528E1E92FE1200A5C7D5 /* Denuncias2Controller.swift in Sources */ = {isa = PBXBuildFile; fileRef = A79C528D1E92FE1200A5C7D5 /* Denuncias2Controller.swift */; };
		A79C52941E9315E000A5C7D5 /* Denuncias3Controller.swift in Sources */ = {isa = PBXBuildFile; fileRef = A79C52931E9315E000A5C7D5 /* Denuncias3Controller.swift */; };
		A7D8B03D1E93471000E6EA18 /* Denuncias4Controller.swift in Sources */ = {isa = PBXBuildFile; fileRef = A7D8B03C1E93471000E6EA18 /* Denuncias4Controller.swift */; };
		A7D8B03F1E93641F00E6EA18 /* Bar.png in Resources */ = {isa = PBXBuildFile; fileRef = A7D8B03E1E93641F00E6EA18 /* Bar.png */; };
		A7DAC9941EA5317D006D39C6 /* DataHolder.swift in Sources */ = {isa = PBXBuildFile; fileRef = A7DAC9931EA5317D006D39C6 /* DataHolder.swift */; };
		A7F4D1AE1E947B4B00CEBCB7 /* FAQController.swift in Sources */ = {isa = PBXBuildFile; fileRef = A7F4D1AD1E947B4B00CEBCB7 /* FAQController.swift */; };
		A7F4D1B21E9483F300CEBCB7 /* btn.png in Resources */ = {isa = PBXBuildFile; fileRef = A7F4D1B11E9483F300CEBCB7 /* btn.png */; };
		A7F4D1B61E94A09500CEBCB7 /* PedidosController.swift in Sources */ = {isa = PBXBuildFile; fileRef = A7F4D1B51E94A09500CEBCB7 /* PedidosController.swift */; };
		A7F4D1B81E94A12200CEBCB7 /* Pedidos2Controller.swift in Sources */ = {isa = PBXBuildFile; fileRef = A7F4D1B71E94A12200CEBCB7 /* Pedidos2Controller.swift */; };
		A7F4D1BA1E94A1AE00CEBCB7 /* Pedidos3Controller.swift in Sources */ = {isa = PBXBuildFile; fileRef = A7F4D1B91E94A1AE00CEBCB7 /* Pedidos3Controller.swift */; };
		A7F4D1BC1E94A1BF00CEBCB7 /* Pedidos4Controller.swift in Sources */ = {isa = PBXBuildFile; fileRef = A7F4D1BB1E94A1BF00CEBCB7 /* Pedidos4Controller.swift */; };
/* End PBXBuildFile section */

/* Begin PBXContainerItemProxy section */
		A73CF7CF1E7A1E3C00741F82 /* PBXContainerItemProxy */ = {
			isa = PBXContainerItemProxy;
			containerPortal = A73CF7B21E7A1E3900741F82 /* Project object */;
			proxyType = 1;
			remoteGlobalIDString = A73CF7B91E7A1E3900741F82;
			remoteInfo = "CPCCS App";
		};
/* End PBXContainerItemProxy section */

/* Begin PBXFileReference section */
		3004A4961EA108F00095FD32 /* PopoverViewController.swift */ = {isa = PBXFileReference; fileEncoding = 4; lastKnownFileType = sourcecode.swift; path = PopoverViewController.swift; sourceTree = "<group>"; };
		3004A49A1EA187F00095FD32 /* Utilities.swift */ = {isa = PBXFileReference; fileEncoding = 4; lastKnownFileType = sourcecode.swift; path = Utilities.swift; sourceTree = "<group>"; };
		30355CF71E97171100E0DA33 /* InstitucionPickerViewController.swift */ = {isa = PBXFileReference; fileEncoding = 4; lastKnownFileType = sourcecode.swift; path = InstitucionPickerViewController.swift; sourceTree = "<group>"; };
		30355CFB1E9AD91A00E0DA33 /* InstitucionPedidos3Controller.swift */ = {isa = PBXFileReference; fileEncoding = 4; lastKnownFileType = sourcecode.swift; path = InstitucionPedidos3Controller.swift; sourceTree = "<group>"; };
		309B09B41E905710009E4C5F /* Constants.swift */ = {isa = PBXFileReference; fileEncoding = 4; lastKnownFileType = sourcecode.swift; path = Constants.swift; sourceTree = "<group>"; };
		309B09B61E90572D009E4C5F /* GCDBlackBox.swift */ = {isa = PBXFileReference; fileEncoding = 4; lastKnownFileType = sourcecode.swift; path = GCDBlackBox.swift; sourceTree = "<group>"; };
		A72692061E90A3DD0024EB33 /* MISIÓN.jpg */ = {isa = PBXFileReference; lastKnownFileType = image.jpeg; name = "MISIÓN.jpg"; path = "Icons/MISIÓN.jpg"; sourceTree = "<group>"; };
		A72692071E90A3DD0024EB33 /* VISIÓN.jpg */ = {isa = PBXFileReference; lastKnownFileType = image.jpeg; name = "VISIÓN.jpg"; path = "Icons/VISIÓN.jpg"; sourceTree = "<group>"; };
		A735C9391E8ACDFF006295D6 /* DenunciasController.swift */ = {isa = PBXFileReference; fileEncoding = 4; lastKnownFileType = sourcecode.swift; path = DenunciasController.swift; sourceTree = "<group>"; };
		A73CF7BA1E7A1E3A00741F82 /* CPCCS App.app */ = {isa = PBXFileReference; explicitFileType = wrapper.application; includeInIndex = 0; path = "CPCCS App.app"; sourceTree = BUILT_PRODUCTS_DIR; };
		A73CF7BD1E7A1E3A00741F82 /* AppDelegate.swift */ = {isa = PBXFileReference; lastKnownFileType = sourcecode.swift; path = AppDelegate.swift; sourceTree = "<group>"; };
		A73CF7BF1E7A1E3A00741F82 /* ViewController.swift */ = {isa = PBXFileReference; lastKnownFileType = sourcecode.swift; path = ViewController.swift; sourceTree = "<group>"; };
		A73CF7C21E7A1E3B00741F82 /* Base */ = {isa = PBXFileReference; lastKnownFileType = file.storyboard; name = Base; path = Base.lproj/Main.storyboard; sourceTree = "<group>"; };
		A73CF7C41E7A1E3B00741F82 /* Assets.xcassets */ = {isa = PBXFileReference; lastKnownFileType = folder.assetcatalog; path = Assets.xcassets; sourceTree = "<group>"; };
		A73CF7C71E7A1E3B00741F82 /* Base */ = {isa = PBXFileReference; lastKnownFileType = file.storyboard; name = Base; path = Base.lproj/LaunchScreen.storyboard; sourceTree = "<group>"; };
		A73CF7C91E7A1E3B00741F82 /* Info.plist */ = {isa = PBXFileReference; lastKnownFileType = text.plist.xml; path = Info.plist; sourceTree = "<group>"; };
		A73CF7CE1E7A1E3C00741F82 /* CPCCS AppTests.xctest */ = {isa = PBXFileReference; explicitFileType = wrapper.cfbundle; includeInIndex = 0; path = "CPCCS AppTests.xctest"; sourceTree = BUILT_PRODUCTS_DIR; };
		A73CF7D21E7A1E3D00741F82 /* CPCCS_AppTests.swift */ = {isa = PBXFileReference; lastKnownFileType = sourcecode.swift; path = CPCCS_AppTests.swift; sourceTree = "<group>"; };
		A73CF7D41E7A1E3D00741F82 /* Info.plist */ = {isa = PBXFileReference; lastKnownFileType = text.plist.xml; path = Info.plist; sourceTree = "<group>"; };
		A74D2B0F1E89ED3B00871635 /* cabecera.jpg */ = {isa = PBXFileReference; lastKnownFileType = image.jpeg; name = cabecera.jpg; path = Icons/cabecera.jpg; sourceTree = "<group>"; };
		A74D2B101E89ED3B00871635 /* Captura de pantalla 2017-03-20 a las 2.33.44 p.m_.png */ = {isa = PBXFileReference; lastKnownFileType = image.png; name = "Captura de pantalla 2017-03-20 a las 2.33.44 p.m_.png"; path = "Icons/Captura de pantalla 2017-03-20 a las 2.33.44 p.m_.png"; sourceTree = "<group>"; };
		A74D2B111E89ED3B00871635 /* denuncias.png */ = {isa = PBXFileReference; lastKnownFileType = image.png; name = denuncias.png; path = Icons/denuncias.png; sourceTree = "<group>"; };
		A74D2B121E89ED3B00871635 /* estilocolores.png */ = {isa = PBXFileReference; lastKnownFileType = image.png; name = estilocolores.png; path = Icons/estilocolores.png; sourceTree = "<group>"; };
		A74D2B131E89ED3B00871635 /* fondo.png */ = {isa = PBXFileReference; lastKnownFileType = image.png; name = fondo.png; path = Icons/fondo.png; sourceTree = "<group>"; };
		A74D2B141E89ED3B00871635 /* footer.jpg */ = {isa = PBXFileReference; lastKnownFileType = image.jpeg; name = footer.jpg; path = Icons/footer.jpg; sourceTree = "<group>"; };
		A74D2B151E89ED3B00871635 /* iconosweb.psd */ = {isa = PBXFileReference; lastKnownFileType = file; name = iconosweb.psd; path = Icons/iconosweb.psd; sourceTree = "<group>"; };
		A74D2B161E89ED3B00871635 /* mec-controlsocial.png */ = {isa = PBXFileReference; lastKnownFileType = image.png; name = "mec-controlsocial.png"; path = "Icons/mec-controlsocial.png"; sourceTree = "<group>"; };
		A74D2B171E89ED3B00871635 /* mec-participacion.png */ = {isa = PBXFileReference; lastKnownFileType = image.png; name = "mec-participacion.png"; path = "Icons/mec-participacion.png"; sourceTree = "<group>"; };
		A74D2B181E89ED3B00871635 /* noticias.png */ = {isa = PBXFileReference; lastKnownFileType = image.png; name = noticias.png; path = Icons/noticias.png; sourceTree = "<group>"; };
		A74D2B191E89ED3B00871635 /* pedidos.png */ = {isa = PBXFileReference; lastKnownFileType = image.png; name = pedidos.png; path = Icons/pedidos.png; sourceTree = "<group>"; };
		A74D2B1A1E89ED3B00871635 /* preguntasfrecuentes.png */ = {isa = PBXFileReference; lastKnownFileType = image.png; name = preguntasfrecuentes.png; path = Icons/preguntasfrecuentes.png; sourceTree = "<group>"; };
		A74D2B291E8A0A1B00871635 /* back_button.png */ = {isa = PBXFileReference; lastKnownFileType = image.png; name = back_button.png; path = Icons/back_button.png; sourceTree = "<group>"; };
		A74D2B2D1E8A0B0900871635 /* hamburger.png */ = {isa = PBXFileReference; lastKnownFileType = image.png; name = hamburger.png; path = Icons/hamburger.png; sourceTree = "<group>"; };
		A79C528D1E92FE1200A5C7D5 /* Denuncias2Controller.swift */ = {isa = PBXFileReference; fileEncoding = 4; lastKnownFileType = sourcecode.swift; path = Denuncias2Controller.swift; sourceTree = "<group>"; };
		A79C52931E9315E000A5C7D5 /* Denuncias3Controller.swift */ = {isa = PBXFileReference; fileEncoding = 4; lastKnownFileType = sourcecode.swift; path = Denuncias3Controller.swift; sourceTree = "<group>"; };
		A7D8B03C1E93471000E6EA18 /* Denuncias4Controller.swift */ = {isa = PBXFileReference; fileEncoding = 4; lastKnownFileType = sourcecode.swift; path = Denuncias4Controller.swift; sourceTree = "<group>"; };
		A7D8B03E1E93641F00E6EA18 /* Bar.png */ = {isa = PBXFileReference; lastKnownFileType = image.png; name = Bar.png; path = Icons/Bar.png; sourceTree = "<group>"; };
		A7DAC9931EA5317D006D39C6 /* DataHolder.swift */ = {isa = PBXFileReference; fileEncoding = 4; lastKnownFileType = sourcecode.swift; path = DataHolder.swift; sourceTree = "<group>"; };
		A7F4D1AD1E947B4B00CEBCB7 /* FAQController.swift */ = {isa = PBXFileReference; fileEncoding = 4; lastKnownFileType = sourcecode.swift; name = FAQController.swift; path = ../FAQController.swift; sourceTree = "<group>"; };
		A7F4D1B11E9483F300CEBCB7 /* btn.png */ = {isa = PBXFileReference; lastKnownFileType = image.png; name = btn.png; path = Icons/btn.png; sourceTree = "<group>"; };
		A7F4D1B51E94A09500CEBCB7 /* PedidosController.swift */ = {isa = PBXFileReference; fileEncoding = 4; lastKnownFileType = sourcecode.swift; path = PedidosController.swift; sourceTree = "<group>"; };
		A7F4D1B71E94A12200CEBCB7 /* Pedidos2Controller.swift */ = {isa = PBXFileReference; fileEncoding = 4; lastKnownFileType = sourcecode.swift; path = Pedidos2Controller.swift; sourceTree = "<group>"; };
		A7F4D1B91E94A1AE00CEBCB7 /* Pedidos3Controller.swift */ = {isa = PBXFileReference; fileEncoding = 4; lastKnownFileType = sourcecode.swift; path = Pedidos3Controller.swift; sourceTree = "<group>"; };
		A7F4D1BB1E94A1BF00CEBCB7 /* Pedidos4Controller.swift */ = {isa = PBXFileReference; fileEncoding = 4; lastKnownFileType = sourcecode.swift; path = Pedidos4Controller.swift; sourceTree = "<group>"; };
/* End PBXFileReference section */

/* Begin PBXFrameworksBuildPhase section */
		A73CF7B71E7A1E3900741F82 /* Frameworks */ = {
			isa = PBXFrameworksBuildPhase;
			buildActionMask = 2147483647;
			files = (
			);
			runOnlyForDeploymentPostprocessing = 0;
		};
		A73CF7CB1E7A1E3C00741F82 /* Frameworks */ = {
			isa = PBXFrameworksBuildPhase;
			buildActionMask = 2147483647;
			files = (
			);
			runOnlyForDeploymentPostprocessing = 0;
		};
/* End PBXFrameworksBuildPhase section */

/* Begin PBXGroup section */
		A73CF7B11E7A1E3900741F82 = {
			isa = PBXGroup;
			children = (
				A7F4D1B11E9483F300CEBCB7 /* btn.png */,
				A7D8B03E1E93641F00E6EA18 /* Bar.png */,
				A72692061E90A3DD0024EB33 /* MISIÓN.jpg */,
				A72692071E90A3DD0024EB33 /* VISIÓN.jpg */,
				A74D2B2D1E8A0B0900871635 /* hamburger.png */,
				A74D2B291E8A0A1B00871635 /* back_button.png */,
				A74D2B0F1E89ED3B00871635 /* cabecera.jpg */,
				A74D2B101E89ED3B00871635 /* Captura de pantalla 2017-03-20 a las 2.33.44 p.m_.png */,
				A74D2B111E89ED3B00871635 /* denuncias.png */,
				A74D2B121E89ED3B00871635 /* estilocolores.png */,
				A74D2B131E89ED3B00871635 /* fondo.png */,
				A74D2B141E89ED3B00871635 /* footer.jpg */,
				A74D2B151E89ED3B00871635 /* iconosweb.psd */,
				A74D2B161E89ED3B00871635 /* mec-controlsocial.png */,
				A74D2B171E89ED3B00871635 /* mec-participacion.png */,
				A74D2B181E89ED3B00871635 /* noticias.png */,
				A74D2B191E89ED3B00871635 /* pedidos.png */,
				A74D2B1A1E89ED3B00871635 /* preguntasfrecuentes.png */,
				A73CF7BC1E7A1E3A00741F82 /* CPCCS App */,
				A73CF7D11E7A1E3C00741F82 /* CPCCS AppTests */,
				A73CF7BB1E7A1E3A00741F82 /* Products */,
			);
			sourceTree = "<group>";
		};
		A73CF7BB1E7A1E3A00741F82 /* Products */ = {
			isa = PBXGroup;
			children = (
				A73CF7BA1E7A1E3A00741F82 /* CPCCS App.app */,
				A73CF7CE1E7A1E3C00741F82 /* CPCCS AppTests.xctest */,
			);
			name = Products;
			sourceTree = "<group>";
		};
		A73CF7BC1E7A1E3A00741F82 /* CPCCS App */ = {
			isa = PBXGroup;
			children = (
				A7F4D1AD1E947B4B00CEBCB7 /* FAQController.swift */,
				3004A4961EA108F00095FD32 /* PopoverViewController.swift */,
				30355CF71E97171100E0DA33 /* InstitucionPickerViewController.swift */,
				30355CFB1E9AD91A00E0DA33 /* InstitucionPedidos3Controller.swift */,
				A73CF7BD1E7A1E3A00741F82 /* AppDelegate.swift */,
				309B09B61E90572D009E4C5F /* GCDBlackBox.swift */,
				A73CF7BF1E7A1E3A00741F82 /* ViewController.swift */,
				A73CF7C11E7A1E3B00741F82 /* Main.storyboard */,
				A7F4D1B51E94A09500CEBCB7 /* PedidosController.swift */,
				A7F4D1B71E94A12200CEBCB7 /* Pedidos2Controller.swift */,
				A7F4D1B91E94A1AE00CEBCB7 /* Pedidos3Controller.swift */,
				A7F4D1BB1E94A1BF00CEBCB7 /* Pedidos4Controller.swift */,
				A73CF7C41E7A1E3B00741F82 /* Assets.xcassets */,
				A73CF7C61E7A1E3B00741F82 /* LaunchScreen.storyboard */,
				309B09B41E905710009E4C5F /* Constants.swift */,
				A7DAC9931EA5317D006D39C6 /* DataHolder.swift */,
				A73CF7C91E7A1E3B00741F82 /* Info.plist */,
				A735C9391E8ACDFF006295D6 /* DenunciasController.swift */,
				A79C528D1E92FE1200A5C7D5 /* Denuncias2Controller.swift */,
				A79C52931E9315E000A5C7D5 /* Denuncias3Controller.swift */,
				A7D8B03C1E93471000E6EA18 /* Denuncias4Controller.swift */,
				3004A49A1EA187F00095FD32 /* Utilities.swift */,
			);
			path = "CPCCS App";
			sourceTree = "<group>";
		};
		A73CF7D11E7A1E3C00741F82 /* CPCCS AppTests */ = {
			isa = PBXGroup;
			children = (
				A73CF7D21E7A1E3D00741F82 /* CPCCS_AppTests.swift */,
				A73CF7D41E7A1E3D00741F82 /* Info.plist */,
			);
			path = "CPCCS AppTests";
			sourceTree = "<group>";
		};
/* End PBXGroup section */

/* Begin PBXNativeTarget section */
		A73CF7B91E7A1E3900741F82 /* CPCCS App */ = {
			isa = PBXNativeTarget;
			buildConfigurationList = A73CF7D71E7A1E3D00741F82 /* Build configuration list for PBXNativeTarget "CPCCS App" */;
			buildPhases = (
				A73CF7B61E7A1E3900741F82 /* Sources */,
				A73CF7B71E7A1E3900741F82 /* Frameworks */,
				A73CF7B81E7A1E3900741F82 /* Resources */,
			);
			buildRules = (
			);
			dependencies = (
			);
			name = "CPCCS App";
			productName = "CPCCS App";
			productReference = A73CF7BA1E7A1E3A00741F82 /* CPCCS App.app */;
			productType = "com.apple.product-type.application";
		};
		A73CF7CD1E7A1E3C00741F82 /* CPCCS AppTests */ = {
			isa = PBXNativeTarget;
			buildConfigurationList = A73CF7DA1E7A1E3D00741F82 /* Build configuration list for PBXNativeTarget "CPCCS AppTests" */;
			buildPhases = (
				A73CF7CA1E7A1E3C00741F82 /* Sources */,
				A73CF7CB1E7A1E3C00741F82 /* Frameworks */,
				A73CF7CC1E7A1E3C00741F82 /* Resources */,
			);
			buildRules = (
			);
			dependencies = (
				A73CF7D01E7A1E3C00741F82 /* PBXTargetDependency */,
			);
			name = "CPCCS AppTests";
			productName = "CPCCS AppTests";
			productReference = A73CF7CE1E7A1E3C00741F82 /* CPCCS AppTests.xctest */;
			productType = "com.apple.product-type.bundle.unit-test";
		};
/* End PBXNativeTarget section */

/* Begin PBXProject section */
		A73CF7B21E7A1E3900741F82 /* Project object */ = {
			isa = PBXProject;
			attributes = {
				LastSwiftUpdateCheck = 0820;
				LastUpgradeCheck = 0820;
				ORGANIZATIONNAME = CPCCS;
				TargetAttributes = {
					A73CF7B91E7A1E3900741F82 = {
						CreatedOnToolsVersion = 8.2.1;
						ProvisioningStyle = Automatic;
					};
					A73CF7CD1E7A1E3C00741F82 = {
						CreatedOnToolsVersion = 8.2.1;
						ProvisioningStyle = Automatic;
						TestTargetID = A73CF7B91E7A1E3900741F82;
					};
				};
			};
			buildConfigurationList = A73CF7B51E7A1E3900741F82 /* Build configuration list for PBXProject "CPCCS App" */;
			compatibilityVersion = "Xcode 3.2";
			developmentRegion = English;
			hasScannedForEncodings = 0;
			knownRegions = (
				en,
				Base,
			);
			mainGroup = A73CF7B11E7A1E3900741F82;
			productRefGroup = A73CF7BB1E7A1E3A00741F82 /* Products */;
			projectDirPath = "";
			projectRoot = "";
			targets = (
				A73CF7B91E7A1E3900741F82 /* CPCCS App */,
				A73CF7CD1E7A1E3C00741F82 /* CPCCS AppTests */,
			);
		};
/* End PBXProject section */

/* Begin PBXResourcesBuildPhase section */
		A73CF7B81E7A1E3900741F82 /* Resources */ = {
			isa = PBXResourcesBuildPhase;
			buildActionMask = 2147483647;
			files = (
				A7F4D1B21E9483F300CEBCB7 /* btn.png in Resources */,
				A7D8B03F1E93641F00E6EA18 /* Bar.png in Resources */,
				A72692081E90A3DD0024EB33 /* MISIÓN.jpg in Resources */,
				A72692091E90A3DD0024EB33 /* VISIÓN.jpg in Resources */,
				A74D2B2E1E8A0B0900871635 /* hamburger.png in Resources */,
				A74D2B2B1E8A0A1B00871635 /* back_button.png in Resources */,
				A74D2B1B1E89ED3B00871635 /* cabecera.jpg in Resources */,
				A74D2B1C1E89ED3B00871635 /* Captura de pantalla 2017-03-20 a las 2.33.44 p.m_.png in Resources */,
				A74D2B1D1E89ED3B00871635 /* denuncias.png in Resources */,
				A74D2B1E1E89ED3B00871635 /* estilocolores.png in Resources */,
				A74D2B1F1E89ED3B00871635 /* fondo.png in Resources */,
				A74D2B201E89ED3B00871635 /* footer.jpg in Resources */,
				A74D2B211E89ED3B00871635 /* iconosweb.psd in Resources */,
				A74D2B221E89ED3B00871635 /* mec-controlsocial.png in Resources */,
				A74D2B231E89ED3B00871635 /* mec-participacion.png in Resources */,
				A74D2B241E89ED3B00871635 /* noticias.png in Resources */,
				A74D2B251E89ED3B00871635 /* pedidos.png in Resources */,
				A74D2B261E89ED3B00871635 /* preguntasfrecuentes.png in Resources */,
				A73CF7C81E7A1E3B00741F82 /* LaunchScreen.storyboard in Resources */,
				A73CF7C51E7A1E3B00741F82 /* Assets.xcassets in Resources */,
				A73CF7C31E7A1E3B00741F82 /* Main.storyboard in Resources */,
			);
			runOnlyForDeploymentPostprocessing = 0;
		};
		A73CF7CC1E7A1E3C00741F82 /* Resources */ = {
			isa = PBXResourcesBuildPhase;
			buildActionMask = 2147483647;
			files = (
			);
			runOnlyForDeploymentPostprocessing = 0;
		};
/* End PBXResourcesBuildPhase section */

/* Begin PBXSourcesBuildPhase section */
		A73CF7B61E7A1E3900741F82 /* Sources */ = {
			isa = PBXSourcesBuildPhase;
			buildActionMask = 2147483647;
			files = (
				A7F4D1BA1E94A1AE00CEBCB7 /* Pedidos3Controller.swift in Sources */,
				A73CF7C01E7A1E3A00741F82 /* ViewController.swift in Sources */,
				A735C93A1E8ACDFF006295D6 /* DenunciasController.swift in Sources */,
				A79C528E1E92FE1200A5C7D5 /* Denuncias2Controller.swift in Sources */,
				A73CF7BE1E7A1E3A00741F82 /* AppDelegate.swift in Sources */,
				3004A4971EA108F00095FD32 /* PopoverViewController.swift in Sources */,
				309B09B51E905710009E4C5F /* Constants.swift in Sources */,
				309B09B71E90572D009E4C5F /* GCDBlackBox.swift in Sources */,
				A7F4D1BC1E94A1BF00CEBCB7 /* Pedidos4Controller.swift in Sources */,
				A7F4D1B61E94A09500CEBCB7 /* PedidosController.swift in Sources */,
				30355CFC1E9AD91A00E0DA33 /* InstitucionPedidos3Controller.swift in Sources */,
				A7F4D1AE1E947B4B00CEBCB7 /* FAQController.swift in Sources */,
				A7D8B03D1E93471000E6EA18 /* Denuncias4Controller.swift in Sources */,
				A79C52941E9315E000A5C7D5 /* Denuncias3Controller.swift in Sources */,
				30355CF81E97171100E0DA33 /* InstitucionPickerViewController.swift in Sources */,
				3004A49B1EA187F00095FD32 /* Utilities.swift in Sources */,
				A7DAC9941EA5317D006D39C6 /* DataHolder.swift in Sources */,
				A7F4D1B81E94A12200CEBCB7 /* Pedidos2Controller.swift in Sources */,
			);
			runOnlyForDeploymentPostprocessing = 0;
		};
		A73CF7CA1E7A1E3C00741F82 /* Sources */ = {
			isa = PBXSourcesBuildPhase;
			buildActionMask = 2147483647;
			files = (
				A73CF7D31E7A1E3D00741F82 /* CPCCS_AppTests.swift in Sources */,
			);
			runOnlyForDeploymentPostprocessing = 0;
		};
/* End PBXSourcesBuildPhase section */

/* Begin PBXTargetDependency section */
		A73CF7D01E7A1E3C00741F82 /* PBXTargetDependency */ = {
			isa = PBXTargetDependency;
			target = A73CF7B91E7A1E3900741F82 /* CPCCS App */;
			targetProxy = A73CF7CF1E7A1E3C00741F82 /* PBXContainerItemProxy */;
		};
/* End PBXTargetDependency section */

/* Begin PBXVariantGroup section */
		A73CF7C11E7A1E3B00741F82 /* Main.storyboard */ = {
			isa = PBXVariantGroup;
			children = (
				A73CF7C21E7A1E3B00741F82 /* Base */,
			);
			name = Main.storyboard;
			sourceTree = "<group>";
		};
		A73CF7C61E7A1E3B00741F82 /* LaunchScreen.storyboard */ = {
			isa = PBXVariantGroup;
			children = (
				A73CF7C71E7A1E3B00741F82 /* Base */,
			);
			name = LaunchScreen.storyboard;
			sourceTree = "<group>";
		};
/* End PBXVariantGroup section */

/* Begin XCBuildConfiguration section */
		A73CF7D51E7A1E3D00741F82 /* Debug */ = {
			isa = XCBuildConfiguration;
			buildSettings = {
				ALWAYS_SEARCH_USER_PATHS = NO;
				CLANG_ANALYZER_NONNULL = YES;
				CLANG_CXX_LANGUAGE_STANDARD = "gnu++0x";
				CLANG_CXX_LIBRARY = "libc++";
				CLANG_ENABLE_MODULES = YES;
				CLANG_ENABLE_OBJC_ARC = YES;
				CLANG_WARN_BOOL_CONVERSION = YES;
				CLANG_WARN_CONSTANT_CONVERSION = YES;
				CLANG_WARN_DIRECT_OBJC_ISA_USAGE = YES_ERROR;
				CLANG_WARN_DOCUMENTATION_COMMENTS = YES;
				CLANG_WARN_EMPTY_BODY = YES;
				CLANG_WARN_ENUM_CONVERSION = YES;
				CLANG_WARN_INFINITE_RECURSION = YES;
				CLANG_WARN_INT_CONVERSION = YES;
				CLANG_WARN_OBJC_ROOT_CLASS = YES_ERROR;
				CLANG_WARN_SUSPICIOUS_MOVE = YES;
				CLANG_WARN_UNREACHABLE_CODE = YES;
				CLANG_WARN__DUPLICATE_METHOD_MATCH = YES;
				"CODE_SIGN_IDENTITY[sdk=iphoneos*]" = "iPhone Developer";
				COPY_PHASE_STRIP = NO;
				DEBUG_INFORMATION_FORMAT = dwarf;
				ENABLE_STRICT_OBJC_MSGSEND = YES;
				ENABLE_TESTABILITY = YES;
				GCC_C_LANGUAGE_STANDARD = gnu99;
				GCC_DYNAMIC_NO_PIC = NO;
				GCC_NO_COMMON_BLOCKS = YES;
				GCC_OPTIMIZATION_LEVEL = 0;
				GCC_PREPROCESSOR_DEFINITIONS = (
					"DEBUG=1",
					"$(inherited)",
				);
				GCC_WARN_64_TO_32_BIT_CONVERSION = YES;
				GCC_WARN_ABOUT_RETURN_TYPE = YES_ERROR;
				GCC_WARN_UNDECLARED_SELECTOR = YES;
				GCC_WARN_UNINITIALIZED_AUTOS = YES_AGGRESSIVE;
				GCC_WARN_UNUSED_FUNCTION = YES;
				GCC_WARN_UNUSED_VARIABLE = YES;
				IPHONEOS_DEPLOYMENT_TARGET = 10.2;
				MTL_ENABLE_DEBUG_INFO = YES;
				ONLY_ACTIVE_ARCH = YES;
				SDKROOT = iphoneos;
				SWIFT_ACTIVE_COMPILATION_CONDITIONS = DEBUG;
				SWIFT_OPTIMIZATION_LEVEL = "-Onone";
				TARGETED_DEVICE_FAMILY = "1,2";
			};
			name = Debug;
		};
		A73CF7D61E7A1E3D00741F82 /* Release */ = {
			isa = XCBuildConfiguration;
			buildSettings = {
				ALWAYS_SEARCH_USER_PATHS = NO;
				CLANG_ANALYZER_NONNULL = YES;
				CLANG_CXX_LANGUAGE_STANDARD = "gnu++0x";
				CLANG_CXX_LIBRARY = "libc++";
				CLANG_ENABLE_MODULES = YES;
				CLANG_ENABLE_OBJC_ARC = YES;
				CLANG_WARN_BOOL_CONVERSION = YES;
				CLANG_WARN_CONSTANT_CONVERSION = YES;
				CLANG_WARN_DIRECT_OBJC_ISA_USAGE = YES_ERROR;
				CLANG_WARN_DOCUMENTATION_COMMENTS = YES;
				CLANG_WARN_EMPTY_BODY = YES;
				CLANG_WARN_ENUM_CONVERSION = YES;
				CLANG_WARN_INFINITE_RECURSION = YES;
				CLANG_WARN_INT_CONVERSION = YES;
				CLANG_WARN_OBJC_ROOT_CLASS = YES_ERROR;
				CLANG_WARN_SUSPICIOUS_MOVE = YES;
				CLANG_WARN_UNREACHABLE_CODE = YES;
				CLANG_WARN__DUPLICATE_METHOD_MATCH = YES;
				"CODE_SIGN_IDENTITY[sdk=iphoneos*]" = "iPhone Developer";
				COPY_PHASE_STRIP = NO;
				DEBUG_INFORMATION_FORMAT = "dwarf-with-dsym";
				ENABLE_NS_ASSERTIONS = NO;
				ENABLE_STRICT_OBJC_MSGSEND = YES;
				GCC_C_LANGUAGE_STANDARD = gnu99;
				GCC_NO_COMMON_BLOCKS = YES;
				GCC_WARN_64_TO_32_BIT_CONVERSION = YES;
				GCC_WARN_ABOUT_RETURN_TYPE = YES_ERROR;
				GCC_WARN_UNDECLARED_SELECTOR = YES;
				GCC_WARN_UNINITIALIZED_AUTOS = YES_AGGRESSIVE;
				GCC_WARN_UNUSED_FUNCTION = YES;
				GCC_WARN_UNUSED_VARIABLE = YES;
				IPHONEOS_DEPLOYMENT_TARGET = 10.2;
				MTL_ENABLE_DEBUG_INFO = NO;
				SDKROOT = iphoneos;
				SWIFT_OPTIMIZATION_LEVEL = "-Owholemodule";
				TARGETED_DEVICE_FAMILY = "1,2";
				VALIDATE_PRODUCT = YES;
			};
			name = Release;
		};
		A73CF7D81E7A1E3D00741F82 /* Debug */ = {
			isa = XCBuildConfiguration;
			buildSettings = {
				ASSETCATALOG_COMPILER_APPICON_NAME = AppIcon;
				INFOPLIST_FILE = "CPCCS App/Info.plist";
				LD_RUNPATH_SEARCH_PATHS = "$(inherited) @executable_path/Frameworks";
				PRODUCT_BUNDLE_IDENTIFIER = "com.example.CPCCS-App";
				PRODUCT_NAME = "$(TARGET_NAME)";
				SWIFT_VERSION = 3.0;
			};
			name = Debug;
		};
		A73CF7D91E7A1E3D00741F82 /* Release */ = {
			isa = XCBuildConfiguration;
			buildSettings = {
				ASSETCATALOG_COMPILER_APPICON_NAME = AppIcon;
				INFOPLIST_FILE = "CPCCS App/Info.plist";
				LD_RUNPATH_SEARCH_PATHS = "$(inherited) @executable_path/Frameworks";
				PRODUCT_BUNDLE_IDENTIFIER = "com.example.CPCCS-App";
				PRODUCT_NAME = "$(TARGET_NAME)";
				SWIFT_VERSION = 3.0;
			};
			name = Release;
		};
		A73CF7DB1E7A1E3D00741F82 /* Debug */ = {
			isa = XCBuildConfiguration;
			buildSettings = {
				ALWAYS_EMBED_SWIFT_STANDARD_LIBRARIES = YES;
				BUNDLE_LOADER = "$(TEST_HOST)";
				INFOPLIST_FILE = "CPCCS AppTests/Info.plist";
				LD_RUNPATH_SEARCH_PATHS = "$(inherited) @executable_path/Frameworks @loader_path/Frameworks";
				PRODUCT_BUNDLE_IDENTIFIER = "com.example.CPCCS-AppTests";
				PRODUCT_NAME = "$(TARGET_NAME)";
				SWIFT_VERSION = 3.0;
				TEST_HOST = "$(BUILT_PRODUCTS_DIR)/CPCCS App.app/CPCCS App";
			};
			name = Debug;
		};
		A73CF7DC1E7A1E3D00741F82 /* Release */ = {
			isa = XCBuildConfiguration;
			buildSettings = {
				ALWAYS_EMBED_SWIFT_STANDARD_LIBRARIES = YES;
				BUNDLE_LOADER = "$(TEST_HOST)";
				INFOPLIST_FILE = "CPCCS AppTests/Info.plist";
				LD_RUNPATH_SEARCH_PATHS = "$(inherited) @executable_path/Frameworks @loader_path/Frameworks";
				PRODUCT_BUNDLE_IDENTIFIER = "com.example.CPCCS-AppTests";
				PRODUCT_NAME = "$(TARGET_NAME)";
				SWIFT_VERSION = 3.0;
				TEST_HOST = "$(BUILT_PRODUCTS_DIR)/CPCCS App.app/CPCCS App";
			};
			name = Release;
		};
/* End XCBuildConfiguration section */

/* Begin XCConfigurationList section */
		A73CF7B51E7A1E3900741F82 /* Build configuration list for PBXProject "CPCCS App" */ = {
			isa = XCConfigurationList;
			buildConfigurations = (
				A73CF7D51E7A1E3D00741F82 /* Debug */,
				A73CF7D61E7A1E3D00741F82 /* Release */,
			);
			defaultConfigurationIsVisible = 0;
			defaultConfigurationName = Release;
		};
		A73CF7D71E7A1E3D00741F82 /* Build configuration list for PBXNativeTarget "CPCCS App" */ = {
			isa = XCConfigurationList;
			buildConfigurations = (
				A73CF7D81E7A1E3D00741F82 /* Debug */,
				A73CF7D91E7A1E3D00741F82 /* Release */,
			);
			defaultConfigurationIsVisible = 0;
			defaultConfigurationName = Release;
		};
		A73CF7DA1E7A1E3D00741F82 /* Build configuration list for PBXNativeTarget "CPCCS AppTests" */ = {
			isa = XCConfigurationList;
			buildConfigurations = (
				A73CF7DB1E7A1E3D00741F82 /* Debug */,
				A73CF7DC1E7A1E3D00741F82 /* Release */,
			);
			defaultConfigurationIsVisible = 0;
			defaultConfigurationName = Release;
		};
/* End XCConfigurationList section */
	};
	rootObject = A73CF7B21E7A1E3900741F82 /* Project object */;
}
